
Microsoft Visual Studio Solution File, Format Version 12.00
# Visual Studio 15
VisualStudioVersion = 15.0.26124.0
MinimumVisualStudioVersion = 15.0.26124.0
Project("{FAE04EC0-301F-11D3-BF4B-00C04F79EFBC}") = "API", "API\API.csproj", "{6F4CED98-1271-40D4-84B7-69A487FDFD20}"
EndProject
Project("{FAE04EC0-301F-11D3-BF4B-00C04F79EFBC}") = "Application", "Application\Application.csproj", "{D827FBC0-EE00-413A-8089-B5E544F2258E}"
EndProject
Project("{FAE04EC0-301F-11D3-BF4B-00C04F79EFBC}") = "Persistence", "Persistence\Persistence.csproj", "{B9F1DCC5-D071-4F73-BAEB-585A6F0ADBB1}"
EndProject
Project("{FAE04EC0-301F-11D3-BF4B-00C04F79EFBC}") = "Domain", "Domain\Domain.csproj", "{4DA53F95-040F-44DA-AD04-B795598032A6}"
EndProject
Global
	GlobalSection(SolutionConfigurationPlatforms) = preSolution
		Debug|Any CPU = Debug|Any CPU
		Debug|x64 = Debug|x64
		Debug|x86 = Debug|x86
		Release|Any CPU = Release|Any CPU
		Release|x64 = Release|x64
		Release|x86 = Release|x86
	EndGlobalSection
	GlobalSection(SolutionProperties) = preSolution
		HideSolutionNode = FALSE
	EndGlobalSection
	GlobalSection(ProjectConfigurationPlatforms) = postSolution
		{6F4CED98-1271-40D4-84B7-69A487FDFD20}.Debug|Any CPU.ActiveCfg = Debug|Any CPU
		{6F4CED98-1271-40D4-84B7-69A487FDFD20}.Debug|Any CPU.Build.0 = Debug|Any CPU
		{6F4CED98-1271-40D4-84B7-69A487FDFD20}.Debug|x64.ActiveCfg = Debug|Any CPU
		{6F4CED98-1271-40D4-84B7-69A487FDFD20}.Debug|x64.Build.0 = Debug|Any CPU
		{6F4CED98-1271-40D4-84B7-69A487FDFD20}.Debug|x86.ActiveCfg = Debug|Any CPU
		{6F4CED98-1271-40D4-84B7-69A487FDFD20}.Debug|x86.Build.0 = Debug|Any CPU
		{6F4CED98-1271-40D4-84B7-69A487FDFD20}.Release|Any CPU.ActiveCfg = Release|Any CPU
		{6F4CED98-1271-40D4-84B7-69A487FDFD20}.Release|Any CPU.Build.0 = Release|Any CPU
		{6F4CED98-1271-40D4-84B7-69A487FDFD20}.Release|x64.ActiveCfg = Release|Any CPU
		{6F4CED98-1271-40D4-84B7-69A487FDFD20}.Release|x64.Build.0 = Release|Any CPU
		{6F4CED98-1271-40D4-84B7-69A487FDFD20}.Release|x86.ActiveCfg = Release|Any CPU
		{6F4CED98-1271-40D4-84B7-69A487FDFD20}.Release|x86.Build.0 = Release|Any CPU
		{D827FBC0-EE00-413A-8089-B5E544F2258E}.Debug|Any CPU.ActiveCfg = Debug|Any CPU
		{D827FBC0-EE00-413A-8089-B5E544F2258E}.Debug|Any CPU.Build.0 = Debug|Any CPU
		{D827FBC0-EE00-413A-8089-B5E544F2258E}.Debug|x64.ActiveCfg = Debug|Any CPU
		{D827FBC0-EE00-413A-8089-B5E544F2258E}.Debug|x64.Build.0 = Debug|Any CPU
		{D827FBC0-EE00-413A-8089-B5E544F2258E}.Debug|x86.ActiveCfg = Debug|Any CPU
		{D827FBC0-EE00-413A-8089-B5E544F2258E}.Debug|x86.Build.0 = Debug|Any CPU
		{D827FBC0-EE00-413A-8089-B5E544F2258E}.Release|Any CPU.ActiveCfg = Release|Any CPU
		{D827FBC0-EE00-413A-8089-B5E544F2258E}.Release|Any CPU.Build.0 = Release|Any CPU
		{D827FBC0-EE00-413A-8089-B5E544F2258E}.Release|x64.ActiveCfg = Release|Any CPU
		{D827FBC0-EE00-413A-8089-B5E544F2258E}.Release|x64.Build.0 = Release|Any CPU
		{D827FBC0-EE00-413A-8089-B5E544F2258E}.Release|x86.ActiveCfg = Release|Any CPU
		{D827FBC0-EE00-413A-8089-B5E544F2258E}.Release|x86.Build.0 = Release|Any CPU
		{B9F1DCC5-D071-4F73-BAEB-585A6F0ADBB1}.Debug|Any CPU.ActiveCfg = Debug|Any CPU
		{B9F1DCC5-D071-4F73-BAEB-585A6F0ADBB1}.Debug|Any CPU.Build.0 = Debug|Any CPU
		{B9F1DCC5-D071-4F73-BAEB-585A6F0ADBB1}.Debug|x64.ActiveCfg = Debug|Any CPU
		{B9F1DCC5-D071-4F73-BAEB-585A6F0ADBB1}.Debug|x64.Build.0 = Debug|Any CPU
		{B9F1DCC5-D071-4F73-BAEB-585A6F0ADBB1}.Debug|x86.ActiveCfg = Debug|Any CPU
		{B9F1DCC5-D071-4F73-BAEB-585A6F0ADBB1}.Debug|x86.Build.0 = Debug|Any CPU
		{B9F1DCC5-D071-4F73-BAEB-585A6F0ADBB1}.Release|Any CPU.ActiveCfg = Release|Any CPU
		{B9F1DCC5-D071-4F73-BAEB-585A6F0ADBB1}.Release|Any CPU.Build.0 = Release|Any CPU
		{B9F1DCC5-D071-4F73-BAEB-585A6F0ADBB1}.Release|x64.ActiveCfg = Release|Any CPU
		{B9F1DCC5-D071-4F73-BAEB-585A6F0ADBB1}.Release|x64.Build.0 = Release|Any CPU
		{B9F1DCC5-D071-4F73-BAEB-585A6F0ADBB1}.Release|x86.ActiveCfg = Release|Any CPU
		{B9F1DCC5-D071-4F73-BAEB-585A6F0ADBB1}.Release|x86.Build.0 = Release|Any CPU
		{4DA53F95-040F-44DA-AD04-B795598032A6}.Debug|Any CPU.ActiveCfg = Debug|Any CPU
		{4DA53F95-040F-44DA-AD04-B795598032A6}.Debug|Any CPU.Build.0 = Debug|Any CPU
		{4DA53F95-040F-44DA-AD04-B795598032A6}.Debug|x64.ActiveCfg = Debug|Any CPU
		{4DA53F95-040F-44DA-AD04-B795598032A6}.Debug|x64.Build.0 = Debug|Any CPU
		{4DA53F95-040F-44DA-AD04-B795598032A6}.Debug|x86.ActiveCfg = Debug|Any CPU
		{4DA53F95-040F-44DA-AD04-B795598032A6}.Debug|x86.Build.0 = Debug|Any CPU
		{4DA53F95-040F-44DA-AD04-B795598032A6}.Release|Any CPU.ActiveCfg = Release|Any CPU
		{4DA53F95-040F-44DA-AD04-B795598032A6}.Release|Any CPU.Build.0 = Release|Any CPU
		{4DA53F95-040F-44DA-AD04-B795598032A6}.Release|x64.ActiveCfg = Release|Any CPU
		{4DA53F95-040F-44DA-AD04-B795598032A6}.Release|x64.Build.0 = Release|Any CPU
		{4DA53F95-040F-44DA-AD04-B795598032A6}.Release|x86.ActiveCfg = Release|Any CPU
		{4DA53F95-040F-44DA-AD04-B795598032A6}.Release|x86.Build.0 = Release|Any CPU
	EndGlobalSection
EndGlobal
